{
  "name": "hivemind",
  "version": "0.2.0",
  "lockfileVersion": 3,
  "requires": true,
  "packages": {
    "": {
      "name": "hivemind",
      "version": "0.2.0",
      "license": "GPL-3.0",
      "dependencies": {
        "@luckymachines/autoloop": "^0.2.1",
        "dotenv": "^16.0.1"
      }
    },
    "node_modules/@luckymachines/autoloop": {
      "version": "0.2.1",
      "resolved": "https://packages.luckymachines.io/@luckymachines/autoloop/-/autoloop-0.2.1.tgz",
      "integrity": "sha512-0+eCa5HIX8L7PCPu4vMc666q4257Ljs4qDHnVDWWvjwJvuqXB4km8SqpQH/ijGYuG8g+Y5dNnuDvGoGwg58sCA==",
      "license": "MIT"
    },
    "node_modules/dotenv": {
      "version": "16.6.1",
      "resolved": "https://packages.luckymachines.io/dotenv/-/dotenv-16.6.1.tgz",
      "integrity": "sha512-uBq4egWHTcTt33a72vpSG0z3HnPuIl6NqYcTrKEg2azoEyl2hpW0zqlxysq2pK9HlDIHyHyakeYaYnSAwd8bow==",
      "license": "BSD-2-Clause",
      "engines": {
        "node": ">=12"
      },
      "funding": {
        "url": "https://dotenvx.com"
      }
    }
  }
}
