# THIS IS AN AUTOGENERATED FILE. DO NOT EDIT THIS FILE DIRECTLY.
# yarn lockfile v1


"@luckymachines/autoloop@^0.2.1":
  version "0.2.1"
  resolved "https://packages.luckymachines.io/@luckymachines/autoloop/-/autoloop-0.2.1.tgz"
  integrity sha512-0+eCa5HIX8L7PCPu4vMc666q4257Ljs4qDHnVDWWvjwJvuqXB4km8SqpQH/ijGYuG8g+Y5dNnuDvGoGwg58sCA==

dotenv@^16.0.1:
  version "16.6.1"
  resolved "https://packages.luckymachines.io/dotenv/-/dotenv-16.6.1.tgz"
  integrity sha512-uBq4egWHTcTt33a72vpSG0z3HnPuIl6NqYcTrKEg2azoEyl2hpW0zqlxysq2pK9HlDIHyHyakeYaYnSAwd8bow==
